{
  "lockfileVersion": 1,
  "dependencies": {
    "locate-user": {
      "version": "1.0.1",
      "resolved": "https://registry.npmjs.org/locate-user/-/locate-user-1.0.1.tgz",
      "integrity": "sha1-BJc6MikfIf+dio7Z2ITh7JlGoVI="
    },
    "user-ip": {
      "version": "1.0.1",
      "resolved": "https://registry.npmjs.org/user-ip/-/user-ip-1.0.1.tgz",
      "integrity": "sha1-SXXpHR+h+9pLut+nB2vA7DZ/QVk="
    }
  }
}
